
Microsoft Visual Studio Solution File, Format Version 12.00
# Visual Studio Version 17
VisualStudioVersion = 17.5.33502.453
MinimumVisualStudioVersion = 10.0.40219.1
Project("{2150E333-8FDC-42A3-9474-1A3956D46DE8}") = "Internal", "Internal", "{449F7D68-2DC1-4AFC-A134-1AC02BD5A198}"
	ProjectSection(SolutionItems) = preProject
		Internal\.editorconfig = Internal\.editorconfig
	EndProjectSection
EndProject
Project("{2150E333-8FDC-42A3-9474-1A3956D46DE8}") = "Scripts", "Scripts", "{6D4218A4-656A-44DA-A0B4-78DDE9D0D35C}"
EndProject
Project("{2150E333-8FDC-42A3-9474-1A3956D46DE8}") = "Dlls", "Dlls", "{AE776BB6-F2EC-48DD-99B5-F255840A31B8}"
	ProjectSection(SolutionItems) = preProject
		Dlls\ABOUT.md = Dlls\ABOUT.md
	EndProjectSection
EndProject
Project("{2150E333-8FDC-42A3-9474-1A3956D46DE8}") = "CompanionFiles", "CompanionFiles", "{49AC43B0-AA26-4DAC-8CF2-E7C5AEA069DF}"
EndProject
Project("{2150E333-8FDC-42A3-9474-1A3956D46DE8}") = "Skyline DataMiner", "Skyline DataMiner", "{3F36D150-AECD-4243-B875-A3B906D5026A}"
	ProjectSection(SolutionItems) = preProject
		CompanionFiles\Skyline DataMiner\AboutThisFolder.md = CompanionFiles\Skyline DataMiner\AboutThisFolder.md
	EndProjectSection
EndProject
Project("{2150E333-8FDC-42A3-9474-1A3956D46DE8}") = "Documentation", "Documentation", "{CEB5177B-592D-4DC7-8DF8-AF71B514BE66}"
	ProjectSection(SolutionItems) = preProject
		Documentation\ABOUT.md = Documentation\ABOUT.md
		README.md = README.md
	EndProjectSection
EndProject
Project("{2150E333-8FDC-42A3-9474-1A3956D46DE8}") = "Tests", "Tests", "{F8938D60-51A0-4880-9CFC-19C66379BB5D}"
EndProject
Project("{2150E333-8FDC-42A3-9474-1A3956D46DE8}") = "Code Analysis", "Code Analysis", "{ECA67012-199C-4340-8525-A445AA8FEDEF}"
	ProjectSection(SolutionItems) = preProject
		Internal\Code Analysis\qaction-debug.ruleset = Internal\Code Analysis\qaction-debug.ruleset
		Internal\Code Analysis\qaction-release.ruleset = Internal\Code Analysis\qaction-release.ruleset
		Internal\Code Analysis\stylecop.json = Internal\Code Analysis\stylecop.json
	EndProjectSection
EndProject
Project("{2150E333-8FDC-42A3-9474-1A3956D46DE8}") = "SLC-AS-MPTestScript", "SLC-AS-MPTestScript", "{24D9B70B-F207-48B5-9C32-9F7B96C614E3}"
	ProjectSection(SolutionItems) = preProject
		SLC-AS-MPTestScript.xml = SLC-AS-MPTestScript.xml
	EndProjectSection
EndProject
Project("{2150E333-8FDC-42A3-9474-1A3956D46DE8}") = "Actions", "Actions", "{A4F5563D-6775-4CA1-84C2-01A6B8C77C54}"
EndProject
Project("{9A19103F-16F7-4668-BE54-9A1E7A4F7556}") = "SLC-AS-MPTestScript_1", "SLC-AS-MPTestScript_1\SLC-AS-MPTestScript_1.csproj", "{E6565356-BF72-4B8A-821E-5A9203421E67}"
EndProject
Global
	GlobalSection(SolutionConfigurationPlatforms) = preSolution
		Debug|Any CPU = Debug|Any CPU
		Release|Any CPU = Release|Any CPU
	EndGlobalSection
	GlobalSection(ProjectConfigurationPlatforms) = postSolution
		{E6565356-BF72-4B8A-821E-5A9203421E67}.Debug|Any CPU.ActiveCfg = Debug|Any CPU
		{E6565356-BF72-4B8A-821E-5A9203421E67}.Debug|Any CPU.Build.0 = Debug|Any CPU
		{E6565356-BF72-4B8A-821E-5A9203421E67}.Release|Any CPU.ActiveCfg = Release|Any CPU
		{E6565356-BF72-4B8A-821E-5A9203421E67}.Release|Any CPU.Build.0 = Release|Any CPU
	EndGlobalSection
	GlobalSection(SolutionProperties) = preSolution
		HideSolutionNode = FALSE
	EndGlobalSection
	GlobalSection(NestedProjects) = preSolution
		{3F36D150-AECD-4243-B875-A3B906D5026A} = {49AC43B0-AA26-4DAC-8CF2-E7C5AEA069DF}
		{ECA67012-199C-4340-8525-A445AA8FEDEF} = {449F7D68-2DC1-4AFC-A134-1AC02BD5A198}
		{24D9B70B-F207-48B5-9C32-9F7B96C614E3} = {6D4218A4-656A-44DA-A0B4-78DDE9D0D35C}
		{A4F5563D-6775-4CA1-84C2-01A6B8C77C54} = {24D9B70B-F207-48B5-9C32-9F7B96C614E3}
		{E6565356-BF72-4B8A-821E-5A9203421E67} = {A4F5563D-6775-4CA1-84C2-01A6B8C77C54}
	EndGlobalSection
	GlobalSection(ExtensibilityGlobals) = postSolution
		SolutionGuid = {9A8768F7-0B8B-4707-88A4-6E4BE873B180}
	EndGlobalSection
EndGlobal
